
Microsoft Visual Studio Solution File, Format Version 12.00
# Visual Studio Version 17
VisualStudioVersion = 17.8.34511.84
MinimumVisualStudioVersion = 10.0.40219.1
Project("{9A19103F-16F7-4668-BE54-9A1E7A4F7556}") = "proyecto_pos", "proyecto_pos.csproj", "{A674E7A2-5108-4A92-9BA5-33D985793392}"
EndProject
Project("{FAE04EC0-301F-11D3-BF4B-00C04F79EFBC}") = "BussinessRules", "..\BussinessRules\BussinessRules.csproj", "{7E5F9548-8DE7-47BF-8682-83A464442785}"
EndProject
Global
	GlobalSection(SolutionConfigurationPlatforms) = preSolution
		Debug|Any CPU = Debug|Any CPU
		Release|Any CPU = Release|Any CPU
	EndGlobalSection
	GlobalSection(ProjectConfigurationPlatforms) = postSolution
		{A674E7A2-5108-4A92-9BA5-33D985793392}.Debug|Any CPU.ActiveCfg = Debug|Any CPU
		{A674E7A2-5108-4A92-9BA5-33D985793392}.Debug|Any CPU.Build.0 = Debug|Any CPU
		{A674E7A2-5108-4A92-9BA5-33D985793392}.Release|Any CPU.ActiveCfg = Release|Any CPU
		{A674E7A2-5108-4A92-9BA5-33D985793392}.Release|Any CPU.Build.0 = Release|Any CPU
		{7E5F9548-8DE7-47BF-8682-83A464442785}.Debug|Any CPU.ActiveCfg = Debug|Any CPU
		{7E5F9548-8DE7-47BF-8682-83A464442785}.Debug|Any CPU.Build.0 = Debug|Any CPU
		{7E5F9548-8DE7-47BF-8682-83A464442785}.Release|Any CPU.ActiveCfg = Release|Any CPU
		{7E5F9548-8DE7-47BF-8682-83A464442785}.Release|Any CPU.Build.0 = Release|Any CPU
	EndGlobalSection
	GlobalSection(SolutionProperties) = preSolution
		HideSolutionNode = FALSE
	EndGlobalSection
	GlobalSection(ExtensibilityGlobals) = postSolution
		SolutionGuid = {3904179F-5D88-4ED4-AA0C-B87510B3F55A}
	EndGlobalSection
EndGlobal
